// !$*UTF8*$!
{
	archiveVersion = 1;
	classes = {
	};
	objectVersion = 56;
	objects = {

/* Begin PBXBuildFile section */
		8113BEC42C6324190081B3F8 /* RevenueCat_Manager.swift in Sources */ = {isa = PBXBuildFile; fileRef = 8113BEC22C6324190081B3F8 /* RevenueCat_Manager.swift */; };
		8113BEC52C6324190081B3F8 /* Const For Subscription.swift in Sources */ = {isa = PBXBuildFile; fileRef = 8113BEC32C6324190081B3F8 /* Const For Subscription.swift */; };
		8121DD842C621A66003460A5 /* Reachability.swift in Sources */ = {isa = PBXBuildFile; fileRef = 8121DD832C621A66003460A5 /* Reachability.swift */; };
		8121DD852C621A66003460A5 /* ForceUpdate_Manager.swift in Sources */ = {isa = PBXBuildFile; fileRef = 8121DD822C621A66003460A5 /* ForceUpdate_Manager.swift */; };
		8121DD8A2C6222C8003460A5 /* iOS_CommonCode_Helper.podspec in Resources */ = {isa = PBXBuildFile; fileRef = 8121DD882C6222C8003460A5 /* iOS_CommonCode_Helper.podspec */; };
		817D301B2C8AC31800AB455C /* ATTracking_Manager.swift in Sources */ = {isa = PBXBuildFile; fileRef = 817D301A2C8AC31800AB455C /* ATTracking_Manager.swift */; };
		817D301D2C8AC5E300AB455C /* String+Extension.swift in Sources */ = {isa = PBXBuildFile; fileRef = 817D301C2C8AC5E300AB455C /* String+Extension.swift */; };
		817D301F2C8AC60500AB455C /* UILabel+Extension.swift in Sources */ = {isa = PBXBuildFile; fileRef = 817D301E2C8AC60500AB455C /* UILabel+Extension.swift */; };
		817D30212C8AC61400AB455C /* UIButton+Extension.swift in Sources */ = {isa = PBXBuildFile; fileRef = 817D30202C8AC61400AB455C /* UIButton+Extension.swift */; };
		817D30232C8AC62000AB455C /* UIImageView+Extension.swift in Sources */ = {isa = PBXBuildFile; fileRef = 817D30222C8AC62000AB455C /* UIImageView+Extension.swift */; };
		817D30252C8AC63500AB455C /* UIImage+Extension.swift in Sources */ = {isa = PBXBuildFile; fileRef = 817D30242C8AC63500AB455C /* UIImage+Extension.swift */; };
		817D30272C8AC64600AB455C /* Int+Extension.swift in Sources */ = {isa = PBXBuildFile; fileRef = 817D30262C8AC64600AB455C /* Int+Extension.swift */; };
		817D30292C8AC64F00AB455C /* Double+Extension.swift in Sources */ = {isa = PBXBuildFile; fileRef = 817D30282C8AC64F00AB455C /* Double+Extension.swift */; };
		817D302B2C8AC65D00AB455C /* Float+Extension.swift in Sources */ = {isa = PBXBuildFile; fileRef = 817D302A2C8AC65D00AB455C /* Float+Extension.swift */; };
		817D302D2C8AC67300AB455C /* UITextField+Extension.swift in Sources */ = {isa = PBXBuildFile; fileRef = 817D302C2C8AC67300AB455C /* UITextField+Extension.swift */; };
		817D302F2C8AC68300AB455C /* UIColor+Extension.swift in Sources */ = {isa = PBXBuildFile; fileRef = 817D302E2C8AC68300AB455C /* UIColor+Extension.swift */; };
		817D30312C8AC68F00AB455C /* Date+Extension.swift in Sources */ = {isa = PBXBuildFile; fileRef = 817D30302C8AC68F00AB455C /* Date+Extension.swift */; };
		817D30332C8AC6C600AB455C /* UIWindow+Extension.swift in Sources */ = {isa = PBXBuildFile; fileRef = 817D30322C8AC6C600AB455C /* UIWindow+Extension.swift */; };
		817DCDF72C6F0A4C004BA1C2 /* GoogleMobileAdsConsent_Manager.swift in Sources */ = {isa = PBXBuildFile; fileRef = 817DCDF62C6F0A4C004BA1C2 /* GoogleMobileAdsConsent_Manager.swift */; };
		81BA8AF12C881BE100F8A3C5 /* Constant_Function.swift in Sources */ = {isa = PBXBuildFile; fileRef = 81BA8AF02C881BE100F8A3C5 /* Constant_Function.swift */; };
		81BA8AFE2C881F4700F8A3C5 /* GoogleAd_Manager.swift in Sources */ = {isa = PBXBuildFile; fileRef = 81BA8AFD2C881F4700F8A3C5 /* GoogleAd_Manager.swift */; };
		81BA8B042C88364C00F8A3C5 /* CustomShimmer.swift in Sources */ = {isa = PBXBuildFile; fileRef = 81BA8B002C88364500F8A3C5 /* CustomShimmer.swift */; };
		81BA8B052C88364C00F8A3C5 /* Shimmer_FullNative.xib in Resources */ = {isa = PBXBuildFile; fileRef = 81BA8B012C88364700F8A3C5 /* Shimmer_FullNative.xib */; };
		81BA8B062C88364C00F8A3C5 /* Shimmer_Adptiv_Banner.xib in Resources */ = {isa = PBXBuildFile; fileRef = 81BA8B022C88364A00F8A3C5 /* Shimmer_Adptiv_Banner.xib */; };
		81BA8B072C88364C00F8A3C5 /* Shimmer_FullNative.swift in Sources */ = {isa = PBXBuildFile; fileRef = 81BA8B032C88364C00F8A3C5 /* Shimmer_FullNative.swift */; };
		81BA8B092C88376E00F8A3C5 /* UIView+Extension.swift in Sources */ = {isa = PBXBuildFile; fileRef = 81BA8B082C88376E00F8A3C5 /* UIView+Extension.swift */; };
		81BA8B0D2C883D6600F8A3C5 /* Asset.xcassets in Resources */ = {isa = PBXBuildFile; fileRef = 81BA8B0C2C883D6600F8A3C5 /* Asset.xcassets */; };
		81BA8B632C88507600F8A3C5 /* Shimmer_NativeBannerAd.xib in Resources */ = {isa = PBXBuildFile; fileRef = 81BA8B622C88507600F8A3C5 /* Shimmer_NativeBannerAd.xib */; };
		81CAB5E82C6DD2640050F848 /* Alamofire.swift in Sources */ = {isa = PBXBuildFile; fileRef = 81CAB5E72C6DD2640050F848 /* Alamofire.swift */; };
		81CAB5F42C6DF2AB0050F848 /* AppFlyer_Manager.swift in Sources */ = {isa = PBXBuildFile; fileRef = 81CAB5F32C6DF2AB0050F848 /* AppFlyer_Manager.swift */; };
		81CAB5F62C6DF2BF0050F848 /* AppMetrica_Manager.swift in Sources */ = {isa = PBXBuildFile; fileRef = 81CAB5F52C6DF2BF0050F848 /* AppMetrica_Manager.swift */; };
		81CAB5F82C6DF2C80050F848 /* Facebook_Manager.swift in Sources */ = {isa = PBXBuildFile; fileRef = 81CAB5F72C6DF2C80050F848 /* Facebook_Manager.swift */; };
		81CAB5FA2C6DF3480050F848 /* TikTok_Manager.swift in Sources */ = {isa = PBXBuildFile; fileRef = 81CAB5F92C6DF3480050F848 /* TikTok_Manager.swift */; };
		81CAB5FD2C6DF4FF0050F848 /* UIDevice+Extension.swift in Sources */ = {isa = PBXBuildFile; fileRef = 81CAB5FC2C6DF4FF0050F848 /* UIDevice+Extension.swift */; };
		81CAB6002C6E193E0050F848 /* OneSignal_Manager.swift in Sources */ = {isa = PBXBuildFile; fileRef = 81CAB5FF2C6E193E0050F848 /* OneSignal_Manager.swift */; };
		81CAB6022C6E20DB0050F848 /* UIViewController+Extension.swift in Sources */ = {isa = PBXBuildFile; fileRef = 81CAB6012C6E20DB0050F848 /* UIViewController+Extension.swift */; };
		D391513D4F19B006A2E9AF44 /* Pods_iOS_CommonCode.framework in Frameworks */ = {isa = PBXBuildFile; fileRef = 06E918F9F432D213EFDB89A3 /* Pods_iOS_CommonCode.framework */; };
/* End PBXBuildFile section */

/* Begin PBXFileReference section */
		06E918F9F432D213EFDB89A3 /* Pods_iOS_CommonCode.framework */ = {isa = PBXFileReference; explicitFileType = wrapper.framework; includeInIndex = 0; path = Pods_iOS_CommonCode.framework; sourceTree = BUILT_PRODUCTS_DIR; };
		43604957A605E4D8F2482007 /* Pods-iOS_CommonCode.debug.xcconfig */ = {isa = PBXFileReference; includeInIndex = 1; lastKnownFileType = text.xcconfig; name = "Pods-iOS_CommonCode.debug.xcconfig"; path = "Target Support Files/Pods-iOS_CommonCode/Pods-iOS_CommonCode.debug.xcconfig"; sourceTree = "<group>"; };
		4CF2BCBD339BA13B3597B4D2 /* Pods-iOS_CommonCode.release.xcconfig */ = {isa = PBXFileReference; includeInIndex = 1; lastKnownFileType = text.xcconfig; name = "Pods-iOS_CommonCode.release.xcconfig"; path = "Target Support Files/Pods-iOS_CommonCode/Pods-iOS_CommonCode.release.xcconfig"; sourceTree = "<group>"; };
		8113BEC22C6324190081B3F8 /* RevenueCat_Manager.swift */ = {isa = PBXFileReference; fileEncoding = 4; lastKnownFileType = sourcecode.swift; path = RevenueCat_Manager.swift; sourceTree = "<group>"; };
		8113BEC32C6324190081B3F8 /* Const For Subscription.swift */ = {isa = PBXFileReference; fileEncoding = 4; lastKnownFileType = sourcecode.swift; path = "Const For Subscription.swift"; sourceTree = "<group>"; };
		8121DD682C6216E8003460A5 /* iOS_CommonCode.framework */ = {isa = PBXFileReference; explicitFileType = wrapper.framework; includeInIndex = 0; path = iOS_CommonCode.framework; sourceTree = BUILT_PRODUCTS_DIR; };
		8121DD822C621A66003460A5 /* ForceUpdate_Manager.swift */ = {isa = PBXFileReference; lastKnownFileType = sourcecode.swift; path = ForceUpdate_Manager.swift; sourceTree = "<group>"; };
		8121DD832C621A66003460A5 /* Reachability.swift */ = {isa = PBXFileReference; lastKnownFileType = sourcecode.swift; path = Reachability.swift; sourceTree = "<group>"; };
		8121DD882C6222C8003460A5 /* iOS_CommonCode_Helper.podspec */ = {isa = PBXFileReference; fileEncoding = 4; lastKnownFileType = text; path = iOS_CommonCode_Helper.podspec; sourceTree = "<group>"; };
		817D301A2C8AC31800AB455C /* ATTracking_Manager.swift */ = {isa = PBXFileReference; lastKnownFileType = sourcecode.swift; path = ATTracking_Manager.swift; sourceTree = "<group>"; };
		817D301C2C8AC5E300AB455C /* String+Extension.swift */ = {isa = PBXFileReference; lastKnownFileType = sourcecode.swift; path = "String+Extension.swift"; sourceTree = "<group>"; };
		817D301E2C8AC60500AB455C /* UILabel+Extension.swift */ = {isa = PBXFileReference; lastKnownFileType = sourcecode.swift; path = "UILabel+Extension.swift"; sourceTree = "<group>"; };
		817D30202C8AC61400AB455C /* UIButton+Extension.swift */ = {isa = PBXFileReference; lastKnownFileType = sourcecode.swift; path = "UIButton+Extension.swift"; sourceTree = "<group>"; };
		817D30222C8AC62000AB455C /* UIImageView+Extension.swift */ = {isa = PBXFileReference; lastKnownFileType = sourcecode.swift; path = "UIImageView+Extension.swift"; sourceTree = "<group>"; };
		817D30242C8AC63500AB455C /* UIImage+Extension.swift */ = {isa = PBXFileReference; lastKnownFileType = sourcecode.swift; path = "UIImage+Extension.swift"; sourceTree = "<group>"; };
		817D30262C8AC64600AB455C /* Int+Extension.swift */ = {isa = PBXFileReference; lastKnownFileType = sourcecode.swift; path = "Int+Extension.swift"; sourceTree = "<group>"; };
		817D30282C8AC64F00AB455C /* Double+Extension.swift */ = {isa = PBXFileReference; lastKnownFileType = sourcecode.swift; path = "Double+Extension.swift"; sourceTree = "<group>"; };
		817D302A2C8AC65D00AB455C /* Float+Extension.swift */ = {isa = PBXFileReference; lastKnownFileType = sourcecode.swift; path = "Float+Extension.swift"; sourceTree = "<group>"; };
		817D302C2C8AC67300AB455C /* UITextField+Extension.swift */ = {isa = PBXFileReference; lastKnownFileType = sourcecode.swift; path = "UITextField+Extension.swift"; sourceTree = "<group>"; };
		817D302E2C8AC68300AB455C /* UIColor+Extension.swift */ = {isa = PBXFileReference; lastKnownFileType = sourcecode.swift; path = "UIColor+Extension.swift"; sourceTree = "<group>"; };
		817D30302C8AC68F00AB455C /* Date+Extension.swift */ = {isa = PBXFileReference; lastKnownFileType = sourcecode.swift; path = "Date+Extension.swift"; sourceTree = "<group>"; };
		817D30322C8AC6C600AB455C /* UIWindow+Extension.swift */ = {isa = PBXFileReference; lastKnownFileType = sourcecode.swift; path = "UIWindow+Extension.swift"; sourceTree = "<group>"; };
		817DCDF62C6F0A4C004BA1C2 /* GoogleMobileAdsConsent_Manager.swift */ = {isa = PBXFileReference; lastKnownFileType = sourcecode.swift; path = GoogleMobileAdsConsent_Manager.swift; sourceTree = "<group>"; };
		81BA8AF02C881BE100F8A3C5 /* Constant_Function.swift */ = {isa = PBXFileReference; lastKnownFileType = sourcecode.swift; path = Constant_Function.swift; sourceTree = "<group>"; };
		81BA8AFD2C881F4700F8A3C5 /* GoogleAd_Manager.swift */ = {isa = PBXFileReference; lastKnownFileType = sourcecode.swift; path = GoogleAd_Manager.swift; sourceTree = "<group>"; };
		81BA8B002C88364500F8A3C5 /* CustomShimmer.swift */ = {isa = PBXFileReference; fileEncoding = 4; lastKnownFileType = sourcecode.swift; path = CustomShimmer.swift; sourceTree = "<group>"; };
		81BA8B012C88364700F8A3C5 /* Shimmer_FullNative.xib */ = {isa = PBXFileReference; fileEncoding = 4; lastKnownFileType = file.xib; path = Shimmer_FullNative.xib; sourceTree = "<group>"; };
		81BA8B022C88364A00F8A3C5 /* Shimmer_Adptiv_Banner.xib */ = {isa = PBXFileReference; fileEncoding = 4; lastKnownFileType = file.xib; path = Shimmer_Adptiv_Banner.xib; sourceTree = "<group>"; };
		81BA8B032C88364C00F8A3C5 /* Shimmer_FullNative.swift */ = {isa = PBXFileReference; fileEncoding = 4; lastKnownFileType = sourcecode.swift; path = Shimmer_FullNative.swift; sourceTree = "<group>"; };
		81BA8B082C88376E00F8A3C5 /* UIView+Extension.swift */ = {isa = PBXFileReference; lastKnownFileType = sourcecode.swift; path = "UIView+Extension.swift"; sourceTree = "<group>"; };
		81BA8B0C2C883D6600F8A3C5 /* Asset.xcassets */ = {isa = PBXFileReference; lastKnownFileType = folder.assetcatalog; path = Asset.xcassets; sourceTree = "<group>"; };
		81BA8B622C88507600F8A3C5 /* Shimmer_NativeBannerAd.xib */ = {isa = PBXFileReference; fileEncoding = 4; lastKnownFileType = file.xib; path = Shimmer_NativeBannerAd.xib; sourceTree = "<group>"; };
		81CAB5E72C6DD2640050F848 /* Alamofire.swift */ = {isa = PBXFileReference; lastKnownFileType = sourcecode.swift; path = Alamofire.swift; sourceTree = "<group>"; };
		81CAB5F32C6DF2AB0050F848 /* AppFlyer_Manager.swift */ = {isa = PBXFileReference; fileEncoding = 4; lastKnownFileType = sourcecode.swift; path = AppFlyer_Manager.swift; sourceTree = "<group>"; };
		81CAB5F52C6DF2BF0050F848 /* AppMetrica_Manager.swift */ = {isa = PBXFileReference; fileEncoding = 4; lastKnownFileType = sourcecode.swift; path = AppMetrica_Manager.swift; sourceTree = "<group>"; };
		81CAB5F72C6DF2C80050F848 /* Facebook_Manager.swift */ = {isa = PBXFileReference; fileEncoding = 4; lastKnownFileType = sourcecode.swift; path = Facebook_Manager.swift; sourceTree = "<group>"; };
		81CAB5F92C6DF3480050F848 /* TikTok_Manager.swift */ = {isa = PBXFileReference; lastKnownFileType = sourcecode.swift; path = TikTok_Manager.swift; sourceTree = "<group>"; };
		81CAB5FC2C6DF4FF0050F848 /* UIDevice+Extension.swift */ = {isa = PBXFileReference; lastKnownFileType = sourcecode.swift; path = "UIDevice+Extension.swift"; sourceTree = "<group>"; };
		81CAB5FF2C6E193E0050F848 /* OneSignal_Manager.swift */ = {isa = PBXFileReference; lastKnownFileType = sourcecode.swift; path = OneSignal_Manager.swift; sourceTree = "<group>"; };
		81CAB6012C6E20DB0050F848 /* UIViewController+Extension.swift */ = {isa = PBXFileReference; lastKnownFileType = sourcecode.swift; path = "UIViewController+Extension.swift"; sourceTree = "<group>"; };
/* End PBXFileReference section */

/* Begin PBXFrameworksBuildPhase section */
		8121DD652C6216E8003460A5 /* Frameworks */ = {
			isa = PBXFrameworksBuildPhase;
			buildActionMask = 2147483647;
			files = (
				D391513D4F19B006A2E9AF44 /* Pods_iOS_CommonCode.framework in Frameworks */,
			);
			runOnlyForDeploymentPostprocessing = 0;
		};
/* End PBXFrameworksBuildPhase section */

/* Begin PBXGroup section */
		8121DD5E2C6216E8003460A5 = {
			isa = PBXGroup;
			children = (
				8121DD882C6222C8003460A5 /* iOS_CommonCode_Helper.podspec */,
				8121DD6A2C6216E8003460A5 /* iOS_CommonCode */,
				8121DD692C6216E8003460A5 /* Products */,
				FB405D856584EFA8ACBC95F6 /* Pods */,
				FC852AD153A2E9A3A437EEC6 /* Frameworks */,
			);
			sourceTree = "<group>";
		};
		8121DD692C6216E8003460A5 /* Products */ = {
			isa = PBXGroup;
			children = (
				8121DD682C6216E8003460A5 /* iOS_CommonCode.framework */,
			);
			name = Products;
			sourceTree = "<group>";
		};
		8121DD6A2C6216E8003460A5 /* iOS_CommonCode */ = {
			isa = PBXGroup;
			children = (
				81CAB5FB2C6DF4E00050F848 /* Extension */,
				817DCDF52C6F09CE004BA1C2 /* GDPR */,
				81CAB5FE2C6E17870050F848 /* OneSignal */,
				81CAB5F22C6DF1250050F848 /* Tiktok */,
				81CAB5F12C6DF11B0050F848 /* Facebook */,
				81CAB5F02C6DF1070050F848 /* AppFlyer */,
				81CAB5EF2C6DF0FE0050F848 /* AppMetrica */,
				81CAB5E62C6DD1D80050F848 /* Alamofire */,
				819E6FB22C6CB9FD00D4914E /* RevenueCat */,
				819E6FB52C6CBA7500D4914E /* ForceUpdate */,
				81BA8AF22C881CDD00F8A3C5 /* Google Ad's */,
				81BA8AFF2C88362E00F8A3C5 /* Shimmer */,
				819E6FB62C6CBA7D00D4914E /* Other */,
				81BA8B0C2C883D6600F8A3C5 /* Asset.xcassets */,
			);
			path = iOS_CommonCode;
			sourceTree = "<group>";
		};
		817DCDF52C6F09CE004BA1C2 /* GDPR */ = {
			isa = PBXGroup;
			children = (
				817DCDF62C6F0A4C004BA1C2 /* GoogleMobileAdsConsent_Manager.swift */,
				817D301A2C8AC31800AB455C /* ATTracking_Manager.swift */,
			);
			path = GDPR;
			sourceTree = "<group>";
		};
		819E6FB22C6CB9FD00D4914E /* RevenueCat */ = {
			isa = PBXGroup;
			children = (
				8113BEC32C6324190081B3F8 /* Const For Subscription.swift */,
				8113BEC22C6324190081B3F8 /* RevenueCat_Manager.swift */,
			);
			path = RevenueCat;
			sourceTree = "<group>";
		};
		819E6FB52C6CBA7500D4914E /* ForceUpdate */ = {
			isa = PBXGroup;
			children = (
				8121DD822C621A66003460A5 /* ForceUpdate_Manager.swift */,
			);
			path = ForceUpdate;
			sourceTree = "<group>";
		};
		819E6FB62C6CBA7D00D4914E /* Other */ = {
			isa = PBXGroup;
			children = (
				8121DD832C621A66003460A5 /* Reachability.swift */,
				81BA8AF02C881BE100F8A3C5 /* Constant_Function.swift */,
			);
			path = Other;
			sourceTree = "<group>";
		};
		81BA8AF22C881CDD00F8A3C5 /* Google Ad's */ = {
			isa = PBXGroup;
			children = (
				81BA8AFD2C881F4700F8A3C5 /* GoogleAd_Manager.swift */,
			);
			path = "Google Ad's";
			sourceTree = "<group>";
		};
		81BA8AFF2C88362E00F8A3C5 /* Shimmer */ = {
			isa = PBXGroup;
			children = (
				81BA8B002C88364500F8A3C5 /* CustomShimmer.swift */,
				81BA8B032C88364C00F8A3C5 /* Shimmer_FullNative.swift */,
				81BA8B012C88364700F8A3C5 /* Shimmer_FullNative.xib */,
				81BA8B622C88507600F8A3C5 /* Shimmer_NativeBannerAd.xib */,
				81BA8B022C88364A00F8A3C5 /* Shimmer_Adptiv_Banner.xib */,
			);
			path = Shimmer;
			sourceTree = "<group>";
		};
		81CAB5E62C6DD1D80050F848 /* Alamofire */ = {
			isa = PBXGroup;
			children = (
				81CAB5E72C6DD2640050F848 /* Alamofire.swift */,
			);
			path = Alamofire;
			sourceTree = "<group>";
		};
		81CAB5EF2C6DF0FE0050F848 /* AppMetrica */ = {
			isa = PBXGroup;
			children = (
				81CAB5F52C6DF2BF0050F848 /* AppMetrica_Manager.swift */,
			);
			path = AppMetrica;
			sourceTree = "<group>";
		};
		81CAB5F02C6DF1070050F848 /* AppFlyer */ = {
			isa = PBXGroup;
			children = (
				81CAB5F32C6DF2AB0050F848 /* AppFlyer_Manager.swift */,
			);
			path = AppFlyer;
			sourceTree = "<group>";
		};
		81CAB5F12C6DF11B0050F848 /* Facebook */ = {
			isa = PBXGroup;
			children = (
				81CAB5F72C6DF2C80050F848 /* Facebook_Manager.swift */,
			);
			path = Facebook;
			sourceTree = "<group>";
		};
		81CAB5F22C6DF1250050F848 /* Tiktok */ = {
			isa = PBXGroup;
			children = (
				81CAB5F92C6DF3480050F848 /* TikTok_Manager.swift */,
			);
			path = Tiktok;
			sourceTree = "<group>";
		};
		81CAB5FB2C6DF4E00050F848 /* Extension */ = {
			isa = PBXGroup;
			children = (
				817D30322C8AC6C600AB455C /* UIWindow+Extension.swift */,
				81CAB5FC2C6DF4FF0050F848 /* UIDevice+Extension.swift */,
				81CAB6012C6E20DB0050F848 /* UIViewController+Extension.swift */,
				81BA8B082C88376E00F8A3C5 /* UIView+Extension.swift */,
				817D301E2C8AC60500AB455C /* UILabel+Extension.swift */,
				817D30202C8AC61400AB455C /* UIButton+Extension.swift */,
				817D30222C8AC62000AB455C /* UIImageView+Extension.swift */,
				817D30242C8AC63500AB455C /* UIImage+Extension.swift */,
				817D302C2C8AC67300AB455C /* UITextField+Extension.swift */,
				817D302E2C8AC68300AB455C /* UIColor+Extension.swift */,
				817D30302C8AC68F00AB455C /* Date+Extension.swift */,
				817D301C2C8AC5E300AB455C /* String+Extension.swift */,
				817D30262C8AC64600AB455C /* Int+Extension.swift */,
				817D30282C8AC64F00AB455C /* Double+Extension.swift */,
				817D302A2C8AC65D00AB455C /* Float+Extension.swift */,
			);
			path = Extension;
			sourceTree = "<group>";
		};
		81CAB5FE2C6E17870050F848 /* OneSignal */ = {
			isa = PBXGroup;
			children = (
				81CAB5FF2C6E193E0050F848 /* OneSignal_Manager.swift */,
			);
			path = OneSignal;
			sourceTree = "<group>";
		};
		FB405D856584EFA8ACBC95F6 /* Pods */ = {
			isa = PBXGroup;
			children = (
				43604957A605E4D8F2482007 /* Pods-iOS_CommonCode.debug.xcconfig */,
				4CF2BCBD339BA13B3597B4D2 /* Pods-iOS_CommonCode.release.xcconfig */,
			);
			path = Pods;
			sourceTree = "<group>";
		};
		FC852AD153A2E9A3A437EEC6 /* Frameworks */ = {
			isa = PBXGroup;
			children = (
				06E918F9F432D213EFDB89A3 /* Pods_iOS_CommonCode.framework */,
			);
			name = Frameworks;
			sourceTree = "<group>";
		};
/* End PBXGroup section */

/* Begin PBXHeadersBuildPhase section */
		8121DD632C6216E8003460A5 /* Headers */ = {
			isa = PBXHeadersBuildPhase;
			buildActionMask = 2147483647;
			files = (
			);
			runOnlyForDeploymentPostprocessing = 0;
		};
/* End PBXHeadersBuildPhase section */

/* Begin PBXNativeTarget section */
		8121DD672C6216E8003460A5 /* iOS_CommonCode */ = {
			isa = PBXNativeTarget;
			buildConfigurationList = 8121DD7C2C6216E8003460A5 /* Build configuration list for PBXNativeTarget "iOS_CommonCode" */;
			buildPhases = (
				93FF01592E682FD684A3437C /* [CP] Check Pods Manifest.lock */,
				8121DD632C6216E8003460A5 /* Headers */,
				8121DD642C6216E8003460A5 /* Sources */,
				8121DD652C6216E8003460A5 /* Frameworks */,
				8121DD662C6216E8003460A5 /* Resources */,
				0DE3CC7968F9BE72DB297FC6 /* [CP] Copy Pods Resources */,
			);
			buildRules = (
			);
			dependencies = (
			);
			name = iOS_CommonCode;
			productName = iOS_CommonCode;
			productReference = 8121DD682C6216E8003460A5 /* iOS_CommonCode.framework */;
			productType = "com.apple.product-type.framework";
		};
/* End PBXNativeTarget section */

/* Begin PBXProject section */
		8121DD5F2C6216E8003460A5 /* Project object */ = {
			isa = PBXProject;
			attributes = {
				BuildIndependentTargetsInParallel = 1;
				LastSwiftUpdateCheck = 1540;
				LastUpgradeCheck = 1500;
				TargetAttributes = {
					8121DD672C6216E8003460A5 = {
						CreatedOnToolsVersion = 15.0;
					};
				};
			};
			buildConfigurationList = 8121DD622C6216E8003460A5 /* Build configuration list for PBXProject "iOS_CommonCode" */;
			compatibilityVersion = "Xcode 14.0";
			developmentRegion = en;
			hasScannedForEncodings = 0;
			knownRegions = (
				en,
				Base,
			);
			mainGroup = 8121DD5E2C6216E8003460A5;
			productRefGroup = 8121DD692C6216E8003460A5 /* Products */;
			projectDirPath = "";
			projectRoot = "";
			targets = (
				8121DD672C6216E8003460A5 /* iOS_CommonCode */,
			);
		};
/* End PBXProject section */

/* Begin PBXResourcesBuildPhase section */
		8121DD662C6216E8003460A5 /* Resources */ = {
			isa = PBXResourcesBuildPhase;
			buildActionMask = 2147483647;
			files = (
				81BA8B062C88364C00F8A3C5 /* Shimmer_Adptiv_Banner.xib in Resources */,
				8121DD8A2C6222C8003460A5 /* iOS_CommonCode_Helper.podspec in Resources */,
				81BA8B0D2C883D6600F8A3C5 /* Asset.xcassets in Resources */,
				81BA8B632C88507600F8A3C5 /* Shimmer_NativeBannerAd.xib in Resources */,
				81BA8B052C88364C00F8A3C5 /* Shimmer_FullNative.xib in Resources */,
			);
			runOnlyForDeploymentPostprocessing = 0;
		};
/* End PBXResourcesBuildPhase section */

/* Begin PBXShellScriptBuildPhase section */
		0DE3CC7968F9BE72DB297FC6 /* [CP] Copy Pods Resources */ = {
			isa = PBXShellScriptBuildPhase;
			buildActionMask = 2147483647;
			files = (
			);
			inputFileListPaths = (
				"${PODS_ROOT}/Target Support Files/Pods-iOS_CommonCode/Pods-iOS_CommonCode-resources-${CONFIGURATION}-input-files.xcfilelist",
			);
			name = "[CP] Copy Pods Resources";
			outputFileListPaths = (
				"${PODS_ROOT}/Target Support Files/Pods-iOS_CommonCode/Pods-iOS_CommonCode-resources-${CONFIGURATION}-output-files.xcfilelist",
			);
			runOnlyForDeploymentPostprocessing = 0;
			shellPath = /bin/sh;
			shellScript = "\"${PODS_ROOT}/Target Support Files/Pods-iOS_CommonCode/Pods-iOS_CommonCode-resources.sh\"\n";
			showEnvVarsInLog = 0;
		};
		93FF01592E682FD684A3437C /* [CP] Check Pods Manifest.lock */ = {
			isa = PBXShellScriptBuildPhase;
			buildActionMask = 2147483647;
			files = (
			);
			inputFileListPaths = (
			);
			inputPaths = (
				"${PODS_PODFILE_DIR_PATH}/Podfile.lock",
				"${PODS_ROOT}/Manifest.lock",
			);
			name = "[CP] Check Pods Manifest.lock";
			outputFileListPaths = (
			);
			outputPaths = (
				"$(DERIVED_FILE_DIR)/Pods-iOS_CommonCode-checkManifestLockResult.txt",
			);
			runOnlyForDeploymentPostprocessing = 0;
			shellPath = /bin/sh;
			shellScript = "diff \"${PODS_PODFILE_DIR_PATH}/Podfile.lock\" \"${PODS_ROOT}/Manifest.lock\" > /dev/null\nif [ $? != 0 ] ; then\n    # print error to STDERR\n    echo \"error: The sandbox is not in sync with the Podfile.lock. Run 'pod install' or update your CocoaPods installation.\" >&2\n    exit 1\nfi\n# This output is used by Xcode 'outputs' to avoid re-running this script phase.\necho \"SUCCESS\" > \"${SCRIPT_OUTPUT_FILE_0}\"\n";
			showEnvVarsInLog = 0;
		};
/* End PBXShellScriptBuildPhase section */

/* Begin PBXSourcesBuildPhase section */
		8121DD642C6216E8003460A5 /* Sources */ = {
			isa = PBXSourcesBuildPhase;
			buildActionMask = 2147483647;
			files = (
				81CAB6022C6E20DB0050F848 /* UIViewController+Extension.swift in Sources */,
				81BA8AF12C881BE100F8A3C5 /* Constant_Function.swift in Sources */,
				81CAB5F42C6DF2AB0050F848 /* AppFlyer_Manager.swift in Sources */,
				817D30252C8AC63500AB455C /* UIImage+Extension.swift in Sources */,
				817D30292C8AC64F00AB455C /* Double+Extension.swift in Sources */,
				817D30312C8AC68F00AB455C /* Date+Extension.swift in Sources */,
				817D30212C8AC61400AB455C /* UIButton+Extension.swift in Sources */,
				817D30232C8AC62000AB455C /* UIImageView+Extension.swift in Sources */,
				81CAB5F62C6DF2BF0050F848 /* AppMetrica_Manager.swift in Sources */,
				81BA8AFE2C881F4700F8A3C5 /* GoogleAd_Manager.swift in Sources */,
				817D302D2C8AC67300AB455C /* UITextField+Extension.swift in Sources */,
				8121DD852C621A66003460A5 /* ForceUpdate_Manager.swift in Sources */,
				81CAB5FD2C6DF4FF0050F848 /* UIDevice+Extension.swift in Sources */,
				817D30272C8AC64600AB455C /* Int+Extension.swift in Sources */,
				81CAB5E82C6DD2640050F848 /* Alamofire.swift in Sources */,
				817D301D2C8AC5E300AB455C /* String+Extension.swift in Sources */,
				81CAB5FA2C6DF3480050F848 /* TikTok_Manager.swift in Sources */,
				8113BEC52C6324190081B3F8 /* Const For Subscription.swift in Sources */,
				817D302B2C8AC65D00AB455C /* Float+Extension.swift in Sources */,
				81CAB5F82C6DF2C80050F848 /* Facebook_Manager.swift in Sources */,
				817D302F2C8AC68300AB455C /* UIColor+Extension.swift in Sources */,
				817D301B2C8AC31800AB455C /* ATTracking_Manager.swift in Sources */,
				81BA8B072C88364C00F8A3C5 /* Shimmer_FullNative.swift in Sources */,
				81BA8B092C88376E00F8A3C5 /* UIView+Extension.swift in Sources */,
				817D30332C8AC6C600AB455C /* UIWindow+Extension.swift in Sources */,
				8121DD842C621A66003460A5 /* Reachability.swift in Sources */,
				817DCDF72C6F0A4C004BA1C2 /* GoogleMobileAdsConsent_Manager.swift in Sources */,
				817D301F2C8AC60500AB455C /* UILabel+Extension.swift in Sources */,
				81CAB6002C6E193E0050F848 /* OneSignal_Manager.swift in Sources */,
				81BA8B042C88364C00F8A3C5 /* CustomShimmer.swift in Sources */,
				8113BEC42C6324190081B3F8 /* RevenueCat_Manager.swift in Sources */,
			);
			runOnlyForDeploymentPostprocessing = 0;
		};
/* End PBXSourcesBuildPhase section */

/* Begin XCBuildConfiguration section */
		8121DD7A2C6216E8003460A5 /* Debug */ = {
			isa = XCBuildConfiguration;
			buildSettings = {
				ALWAYS_SEARCH_USER_PATHS = NO;
				ASSETCATALOG_COMPILER_GENERATE_SWIFT_ASSET_SYMBOL_EXTENSIONS = YES;
				CLANG_ANALYZER_NONNULL = YES;
				CLANG_ANALYZER_NUMBER_OBJECT_CONVERSION = YES_AGGRESSIVE;
				CLANG_CXX_LANGUAGE_STANDARD = "gnu++20";
				CLANG_ENABLE_MODULES = YES;
				CLANG_ENABLE_OBJC_ARC = YES;
				CLANG_ENABLE_OBJC_WEAK = YES;
				CLANG_WARN_BLOCK_CAPTURE_AUTORELEASING = YES;
				CLANG_WARN_BOOL_CONVERSION = YES;
				CLANG_WARN_COMMA = YES;
				CLANG_WARN_CONSTANT_CONVERSION = YES;
				CLANG_WARN_DEPRECATED_OBJC_IMPLEMENTATIONS = YES;
				CLANG_WARN_DIRECT_OBJC_ISA_USAGE = YES_ERROR;
				CLANG_WARN_DOCUMENTATION_COMMENTS = YES;
				CLANG_WARN_EMPTY_BODY = YES;
				CLANG_WARN_ENUM_CONVERSION = YES;
				CLANG_WARN_INFINITE_RECURSION = YES;
				CLANG_WARN_INT_CONVERSION = YES;
				CLANG_WARN_NON_LITERAL_NULL_CONVERSION = YES;
				CLANG_WARN_OBJC_IMPLICIT_RETAIN_SELF = YES;
				CLANG_WARN_OBJC_LITERAL_CONVERSION = YES;
				CLANG_WARN_OBJC_ROOT_CLASS = YES_ERROR;
				CLANG_WARN_QUOTED_INCLUDE_IN_FRAMEWORK_HEADER = YES;
				CLANG_WARN_RANGE_LOOP_ANALYSIS = YES;
				CLANG_WARN_STRICT_PROTOTYPES = YES;
				CLANG_WARN_SUSPICIOUS_MOVE = YES;
				CLANG_WARN_UNGUARDED_AVAILABILITY = YES_AGGRESSIVE;
				CLANG_WARN_UNREACHABLE_CODE = YES;
				CLANG_WARN__DUPLICATE_METHOD_MATCH = YES;
				COPY_PHASE_STRIP = NO;
				CURRENT_PROJECT_VERSION = 1;
				DEBUG_INFORMATION_FORMAT = dwarf;
				ENABLE_STRICT_OBJC_MSGSEND = YES;
				ENABLE_TESTABILITY = YES;
				ENABLE_USER_SCRIPT_SANDBOXING = NO;
				GCC_C_LANGUAGE_STANDARD = gnu17;
				GCC_DYNAMIC_NO_PIC = NO;
				GCC_NO_COMMON_BLOCKS = YES;
				GCC_OPTIMIZATION_LEVEL = 0;
				GCC_PREPROCESSOR_DEFINITIONS = (
					"DEBUG=1",
					"$(inherited)",
				);
				GCC_WARN_64_TO_32_BIT_CONVERSION = YES;
				GCC_WARN_ABOUT_RETURN_TYPE = YES_ERROR;
				GCC_WARN_UNDECLARED_SELECTOR = YES;
				GCC_WARN_UNINITIALIZED_AUTOS = YES_AGGRESSIVE;
				GCC_WARN_UNUSED_FUNCTION = YES;
				GCC_WARN_UNUSED_VARIABLE = YES;
				IPHONEOS_DEPLOYMENT_TARGET = 13.0;
				LOCALIZATION_PREFERS_STRING_CATALOGS = YES;
				MTL_ENABLE_DEBUG_INFO = INCLUDE_SOURCE;
				MTL_FAST_MATH = YES;
				ONLY_ACTIVE_ARCH = NO;
				OTHER_LDFLAGS = "";
				SDKROOT = iphoneos;
				SWIFT_ACTIVE_COMPILATION_CONDITIONS = "DEBUG $(inherited)";
				SWIFT_OPTIMIZATION_LEVEL = "-Onone";
				VERSIONING_SYSTEM = "apple-generic";
				VERSION_INFO_PREFIX = "";
			};
			name = Debug;
		};
		8121DD7B2C6216E8003460A5 /* Release */ = {
			isa = XCBuildConfiguration;
			buildSettings = {
				ALWAYS_SEARCH_USER_PATHS = NO;
				ASSETCATALOG_COMPILER_GENERATE_SWIFT_ASSET_SYMBOL_EXTENSIONS = YES;
				CLANG_ANALYZER_NONNULL = YES;
				CLANG_ANALYZER_NUMBER_OBJECT_CONVERSION = YES_AGGRESSIVE;
				CLANG_CXX_LANGUAGE_STANDARD = "gnu++20";
				CLANG_ENABLE_MODULES = YES;
				CLANG_ENABLE_OBJC_ARC = YES;
				CLANG_ENABLE_OBJC_WEAK = YES;
				CLANG_WARN_BLOCK_CAPTURE_AUTORELEASING = YES;
				CLANG_WARN_BOOL_CONVERSION = YES;
				CLANG_WARN_COMMA = YES;
				CLANG_WARN_CONSTANT_CONVERSION = YES;
				CLANG_WARN_DEPRECATED_OBJC_IMPLEMENTATIONS = YES;
				CLANG_WARN_DIRECT_OBJC_ISA_USAGE = YES_ERROR;
				CLANG_WARN_DOCUMENTATION_COMMENTS = YES;
				CLANG_WARN_EMPTY_BODY = YES;
				CLANG_WARN_ENUM_CONVERSION = YES;
				CLANG_WARN_INFINITE_RECURSION = YES;
				CLANG_WARN_INT_CONVERSION = YES;
				CLANG_WARN_NON_LITERAL_NULL_CONVERSION = YES;
				CLANG_WARN_OBJC_IMPLICIT_RETAIN_SELF = YES;
				CLANG_WARN_OBJC_LITERAL_CONVERSION = YES;
				CLANG_WARN_OBJC_ROOT_CLASS = YES_ERROR;
				CLANG_WARN_QUOTED_INCLUDE_IN_FRAMEWORK_HEADER = YES;
				CLANG_WARN_RANGE_LOOP_ANALYSIS = YES;
				CLANG_WARN_STRICT_PROTOTYPES = YES;
				CLANG_WARN_SUSPICIOUS_MOVE = YES;
				CLANG_WARN_UNGUARDED_AVAILABILITY = YES_AGGRESSIVE;
				CLANG_WARN_UNREACHABLE_CODE = YES;
				CLANG_WARN__DUPLICATE_METHOD_MATCH = YES;
				COPY_PHASE_STRIP = NO;
				CURRENT_PROJECT_VERSION = 1;
				DEBUG_INFORMATION_FORMAT = "dwarf-with-dsym";
				ENABLE_NS_ASSERTIONS = NO;
				ENABLE_STRICT_OBJC_MSGSEND = YES;
				ENABLE_USER_SCRIPT_SANDBOXING = NO;
				GCC_C_LANGUAGE_STANDARD = gnu17;
				GCC_NO_COMMON_BLOCKS = YES;
				GCC_WARN_64_TO_32_BIT_CONVERSION = YES;
				GCC_WARN_ABOUT_RETURN_TYPE = YES_ERROR;
				GCC_WARN_UNDECLARED_SELECTOR = YES;
				GCC_WARN_UNINITIALIZED_AUTOS = YES_AGGRESSIVE;
				GCC_WARN_UNUSED_FUNCTION = YES;
				GCC_WARN_UNUSED_VARIABLE = YES;
				IPHONEOS_DEPLOYMENT_TARGET = 13.0;
				LOCALIZATION_PREFERS_STRING_CATALOGS = YES;
				MTL_ENABLE_DEBUG_INFO = NO;
				MTL_FAST_MATH = YES;
				OTHER_LDFLAGS = "";
				SDKROOT = iphoneos;
				SWIFT_COMPILATION_MODE = wholemodule;
				VALIDATE_PRODUCT = YES;
				VERSIONING_SYSTEM = "apple-generic";
				VERSION_INFO_PREFIX = "";
			};
			name = Release;
		};
		8121DD7D2C6216E8003460A5 /* Debug */ = {
			isa = XCBuildConfiguration;
			baseConfigurationReference = 43604957A605E4D8F2482007 /* Pods-iOS_CommonCode.debug.xcconfig */;
			buildSettings = {
				CODE_SIGN_STYLE = Automatic;
				CURRENT_PROJECT_VERSION = 1;
				DEFINES_MODULE = YES;
				DYLIB_COMPATIBILITY_VERSION = 1;
				DYLIB_CURRENT_VERSION = 1;
				DYLIB_INSTALL_NAME_BASE = "@rpath";
				ENABLE_MODULE_VERIFIER = YES;
				GENERATE_INFOPLIST_FILE = YES;
				INFOPLIST_KEY_NSHumanReadableCopyright = "";
				INSTALL_PATH = "$(LOCAL_LIBRARY_DIR)/Frameworks";
				LD_RUNPATH_SEARCH_PATHS = (
					"$(inherited)",
					"@executable_path/Frameworks",
					"@loader_path/Frameworks",
				);
				MARKETING_VERSION = 1.0;
				MODULE_VERIFIER_SUPPORTED_LANGUAGES = "objective-c objective-c++";
				MODULE_VERIFIER_SUPPORTED_LANGUAGE_STANDARDS = "gnu17 gnu++20";
				ONLY_ACTIVE_ARCH = YES;
				PRODUCT_BUNDLE_IDENTIFIER = "com.iOS-CommonCode";
				PRODUCT_NAME = "$(TARGET_NAME:c99extidentifier)";
				SKIP_INSTALL = YES;
				SWIFT_EMIT_LOC_STRINGS = YES;
				SWIFT_VERSION = 5.0;
				TARGETED_DEVICE_FAMILY = "1,2";
			};
			name = Debug;
		};
		8121DD7E2C6216E8003460A5 /* Release */ = {
			isa = XCBuildConfiguration;
			baseConfigurationReference = 4CF2BCBD339BA13B3597B4D2 /* Pods-iOS_CommonCode.release.xcconfig */;
			buildSettings = {
				CODE_SIGN_STYLE = Automatic;
				CURRENT_PROJECT_VERSION = 1;
				DEFINES_MODULE = YES;
				DYLIB_COMPATIBILITY_VERSION = 1;
				DYLIB_CURRENT_VERSION = 1;
				DYLIB_INSTALL_NAME_BASE = "@rpath";
				ENABLE_MODULE_VERIFIER = YES;
				GENERATE_INFOPLIST_FILE = YES;
				INFOPLIST_KEY_NSHumanReadableCopyright = "";
				INSTALL_PATH = "$(LOCAL_LIBRARY_DIR)/Frameworks";
				LD_RUNPATH_SEARCH_PATHS = (
					"$(inherited)",
					"@executable_path/Frameworks",
					"@loader_path/Frameworks",
				);
				MARKETING_VERSION = 1.0;
				MODULE_VERIFIER_SUPPORTED_LANGUAGES = "objective-c objective-c++";
				MODULE_VERIFIER_SUPPORTED_LANGUAGE_STANDARDS = "gnu17 gnu++20";
				PRODUCT_BUNDLE_IDENTIFIER = "com.iOS-CommonCode";
				PRODUCT_NAME = "$(TARGET_NAME:c99extidentifier)";
				SKIP_INSTALL = YES;
				SWIFT_EMIT_LOC_STRINGS = YES;
				SWIFT_VERSION = 5.0;
				TARGETED_DEVICE_FAMILY = "1,2";
			};
			name = Release;
		};
/* End XCBuildConfiguration section */

/* Begin XCConfigurationList section */
		8121DD622C6216E8003460A5 /* Build configuration list for PBXProject "iOS_CommonCode" */ = {
			isa = XCConfigurationList;
			buildConfigurations = (
				8121DD7A2C6216E8003460A5 /* Debug */,
				8121DD7B2C6216E8003460A5 /* Release */,
			);
			defaultConfigurationIsVisible = 0;
			defaultConfigurationName = Release;
		};
		8121DD7C2C6216E8003460A5 /* Build configuration list for PBXNativeTarget "iOS_CommonCode" */ = {
			isa = XCConfigurationList;
			buildConfigurations = (
				8121DD7D2C6216E8003460A5 /* Debug */,
				8121DD7E2C6216E8003460A5 /* Release */,
			);
			defaultConfigurationIsVisible = 0;
			defaultConfigurationName = Release;
		};
/* End XCConfigurationList section */
	};
	rootObject = 8121DD5F2C6216E8003460A5 /* Project object */;
}
